
Microsoft Visual Studio Solution File, Format Version 12.00
# Visual Studio 14
VisualStudioVersion = 14.0.25420.1
MinimumVisualStudioVersion = 10.0.40219.1
Project("{FAE04EC0-301F-11D3-BF4B-00C04F79EFBC}") = "GeneticAlgorithm", "GeneticAlgorithm\GeneticAlgorithm.csproj", "{0434B257-4006-447C-850F-252323D659CF}"
EndProject
Project("{FAE04EC0-301F-11D3-BF4B-00C04F79EFBC}") = "GeneticAlgorithm.Tests", "GeneticAlgorithm.Tests\GeneticAlgorithm.Tests.csproj", "{F041ED29-CAE7-49E6-B73B-EDA0988A9EBB}"
EndProject
Project("{FAE04EC0-301F-11D3-BF4B-00C04F79EFBC}") = "Factoring", "Factoring\Factoring.csproj", "{5F9E1E65-B423-4FA9-AD72-1DACB347E047}"
EndProject
Project("{FAE04EC0-301F-11D3-BF4B-00C04F79EFBC}") = "Factoring.Console", "Factoring.Console\Factoring.Console.csproj", "{1724B958-606A-4746-B93F-28FC35AC472F}"
EndProject
Project("{FAE04EC0-301F-11D3-BF4B-00C04F79EFBC}") = "ExpressionLib.Console", "ExpressionLib.Console\ExpressionLib.Console.csproj", "{8CBE60F2-7BD5-43AD-951D-BDCAB05EA626}"
EndProject
Project("{FAE04EC0-301F-11D3-BF4B-00C04F79EFBC}") = "NCalc", "Evaluant.Calculator\NCalc.csproj", "{5F014003-50D8-49E0-8AFE-91D38DCCC97C}"
EndProject
Project("{FAE04EC0-301F-11D3-BF4B-00C04F79EFBC}") = "NCalc.Play", "Evaluant.Calculator.Play\NCalc.Play.csproj", "{4183699B-5B7E-4294-9807-9709BAD86477}"
EndProject
Project("{FAE04EC0-301F-11D3-BF4B-00C04F79EFBC}") = "NCalc.Tests", "Evaluant.Calculator.Tests\NCalc.Tests.csproj", "{F8E5E800-F842-4F84-A0C6-B3E1E5DB2BB4}"
EndProject
Project("{FAE04EC0-301F-11D3-BF4B-00C04F79EFBC}") = "R.Console", "R.Console\R.Console.csproj", "{937D87B8-5F72-49C7-96C1-EF60BDD2B5F8}"
EndProject
Project("{FAE04EC0-301F-11D3-BF4B-00C04F79EFBC}") = "Script", "Script\Script.csproj", "{F4CB3FD6-DFFB-4E49-9C79-7E594BE043FC}"
EndProject
Global
	GlobalSection(SolutionConfigurationPlatforms) = preSolution
		Debug|Any CPU = Debug|Any CPU
		Release|Any CPU = Release|Any CPU
	EndGlobalSection
	GlobalSection(ProjectConfigurationPlatforms) = postSolution
		{0434B257-4006-447C-850F-252323D659CF}.Debug|Any CPU.ActiveCfg = Debug|Any CPU
		{0434B257-4006-447C-850F-252323D659CF}.Debug|Any CPU.Build.0 = Debug|Any CPU
		{0434B257-4006-447C-850F-252323D659CF}.Release|Any CPU.ActiveCfg = Release|Any CPU
		{0434B257-4006-447C-850F-252323D659CF}.Release|Any CPU.Build.0 = Release|Any CPU
		{F041ED29-CAE7-49E6-B73B-EDA0988A9EBB}.Debug|Any CPU.ActiveCfg = Debug|Any CPU
		{F041ED29-CAE7-49E6-B73B-EDA0988A9EBB}.Debug|Any CPU.Build.0 = Debug|Any CPU
		{F041ED29-CAE7-49E6-B73B-EDA0988A9EBB}.Release|Any CPU.ActiveCfg = Release|Any CPU
		{F041ED29-CAE7-49E6-B73B-EDA0988A9EBB}.Release|Any CPU.Build.0 = Release|Any CPU
		{5F9E1E65-B423-4FA9-AD72-1DACB347E047}.Debug|Any CPU.ActiveCfg = Debug|Any CPU
		{5F9E1E65-B423-4FA9-AD72-1DACB347E047}.Debug|Any CPU.Build.0 = Debug|Any CPU
		{5F9E1E65-B423-4FA9-AD72-1DACB347E047}.Release|Any CPU.ActiveCfg = Release|Any CPU
		{5F9E1E65-B423-4FA9-AD72-1DACB347E047}.Release|Any CPU.Build.0 = Release|Any CPU
		{1724B958-606A-4746-B93F-28FC35AC472F}.Debug|Any CPU.ActiveCfg = Debug|Any CPU
		{1724B958-606A-4746-B93F-28FC35AC472F}.Debug|Any CPU.Build.0 = Debug|Any CPU
		{1724B958-606A-4746-B93F-28FC35AC472F}.Release|Any CPU.ActiveCfg = Release|Any CPU
		{1724B958-606A-4746-B93F-28FC35AC472F}.Release|Any CPU.Build.0 = Release|Any CPU
		{8CBE60F2-7BD5-43AD-951D-BDCAB05EA626}.Debug|Any CPU.ActiveCfg = Debug|Any CPU
		{8CBE60F2-7BD5-43AD-951D-BDCAB05EA626}.Debug|Any CPU.Build.0 = Debug|Any CPU
		{8CBE60F2-7BD5-43AD-951D-BDCAB05EA626}.Release|Any CPU.ActiveCfg = Release|Any CPU
		{8CBE60F2-7BD5-43AD-951D-BDCAB05EA626}.Release|Any CPU.Build.0 = Release|Any CPU
		{5F014003-50D8-49E0-8AFE-91D38DCCC97C}.Debug|Any CPU.ActiveCfg = Debug|Any CPU
		{5F014003-50D8-49E0-8AFE-91D38DCCC97C}.Debug|Any CPU.Build.0 = Debug|Any CPU
		{5F014003-50D8-49E0-8AFE-91D38DCCC97C}.Release|Any CPU.ActiveCfg = Release|Any CPU
		{5F014003-50D8-49E0-8AFE-91D38DCCC97C}.Release|Any CPU.Build.0 = Release|Any CPU
		{4183699B-5B7E-4294-9807-9709BAD86477}.Debug|Any CPU.ActiveCfg = Debug|Any CPU
		{4183699B-5B7E-4294-9807-9709BAD86477}.Debug|Any CPU.Build.0 = Debug|Any CPU
		{4183699B-5B7E-4294-9807-9709BAD86477}.Release|Any CPU.ActiveCfg = Release|Any CPU
		{4183699B-5B7E-4294-9807-9709BAD86477}.Release|Any CPU.Build.0 = Release|Any CPU
		{F8E5E800-F842-4F84-A0C6-B3E1E5DB2BB4}.Debug|Any CPU.ActiveCfg = Debug|Any CPU
		{F8E5E800-F842-4F84-A0C6-B3E1E5DB2BB4}.Debug|Any CPU.Build.0 = Debug|Any CPU
		{F8E5E800-F842-4F84-A0C6-B3E1E5DB2BB4}.Release|Any CPU.ActiveCfg = Release|Any CPU
		{F8E5E800-F842-4F84-A0C6-B3E1E5DB2BB4}.Release|Any CPU.Build.0 = Release|Any CPU
		{937D87B8-5F72-49C7-96C1-EF60BDD2B5F8}.Debug|Any CPU.ActiveCfg = Debug|Any CPU
		{937D87B8-5F72-49C7-96C1-EF60BDD2B5F8}.Debug|Any CPU.Build.0 = Debug|Any CPU
		{937D87B8-5F72-49C7-96C1-EF60BDD2B5F8}.Release|Any CPU.ActiveCfg = Release|Any CPU
		{937D87B8-5F72-49C7-96C1-EF60BDD2B5F8}.Release|Any CPU.Build.0 = Release|Any CPU
		{F4CB3FD6-DFFB-4E49-9C79-7E594BE043FC}.Debug|Any CPU.ActiveCfg = Debug|Any CPU
		{F4CB3FD6-DFFB-4E49-9C79-7E594BE043FC}.Debug|Any CPU.Build.0 = Debug|Any CPU
		{F4CB3FD6-DFFB-4E49-9C79-7E594BE043FC}.Release|Any CPU.ActiveCfg = Release|Any CPU
		{F4CB3FD6-DFFB-4E49-9C79-7E594BE043FC}.Release|Any CPU.Build.0 = Release|Any CPU
	EndGlobalSection
	GlobalSection(SolutionProperties) = preSolution
		HideSolutionNode = FALSE
	EndGlobalSection
EndGlobal
